// !$*UTF8*$!
{
	archiveVersion = 1;
	classes = {
	};
	objectVersion = 46;
	objects = {

/* Begin PBXBuildFile section */
		1510728017CFEA6300FD083B /* FTAPIConnector.m in Sources */ = {isa = PBXBuildFile; fileRef = 1510727F17CFEA6300FD083B /* FTAPIConnector.m */; };
		1510728317CFEA6F00FD083B /* FTAPIDataObject.m in Sources */ = {isa = PBXBuildFile; fileRef = 1510728217CFEA6F00FD083B /* FTAPIDataObject.m */; };
		1510728717CFEBB100FD083B /* FTConfig.m in Sources */ = {isa = PBXBuildFile; fileRef = 1510728617CFEBB100FD083B /* FTConfig.m */; };
		1510728A17CFEBFA00FD083B /* NSString+URLTools.m in Sources */ = {isa = PBXBuildFile; fileRef = 1510728917CFEBFA00FD083B /* NSString+URLTools.m */; };
		1510728D17CFED4700FD083B /* FTAPIJobsDataObject.m in Sources */ = {isa = PBXBuildFile; fileRef = 1510728C17CFED4700FD083B /* FTAPIJobsDataObject.m */; };
		1510729017D0053200FD083B /* FTAPIJobDataObject.m in Sources */ = {isa = PBXBuildFile; fileRef = 1510728F17D0053200FD083B /* FTAPIJobDataObject.m */; };
		1510729617D00C2C00FD083B /* FTAPIJobDetailDataObject.m in Sources */ = {isa = PBXBuildFile; fileRef = 1510729517D00C2C00FD083B /* FTAPIJobDetailDataObject.m */; };
		1510729A17D00F6300FD083B /* FTJobCell.m in Sources */ = {isa = PBXBuildFile; fileRef = 1510729917D00F6300FD083B /* FTJobCell.m */; };
		1510729E17D084D800FD083B /* FTView.m in Sources */ = {isa = PBXBuildFile; fileRef = 1510729D17D084D800FD083B /* FTView.m */; };
		151072A417D084FC00FD083B /* FTLabel.m in Sources */ = {isa = PBXBuildFile; fileRef = 151072A317D084FC00FD083B /* FTLabel.m */; };
		151072A817D0851D00FD083B /* FTBasicCell.m in Sources */ = {isa = PBXBuildFile; fileRef = 151072A717D0851D00FD083B /* FTBasicCell.m */; };
		151072C217D0A55600FD083B /* NSData+Base64.m in Sources */ = {isa = PBXBuildFile; fileRef = 151072C017D0A55600FD083B /* NSData+Base64.m */; };
		15D245D417CF9C2A00793614 /* UIKit.framework in Frameworks */ = {isa = PBXBuildFile; fileRef = 15D245D317CF9C2A00793614 /* UIKit.framework */; };
		15D245D617CF9C2A00793614 /* Foundation.framework in Frameworks */ = {isa = PBXBuildFile; fileRef = 15D245D517CF9C2A00793614 /* Foundation.framework */; };
		15D245D817CF9C2A00793614 /* CoreGraphics.framework in Frameworks */ = {isa = PBXBuildFile; fileRef = 15D245D717CF9C2A00793614 /* CoreGraphics.framework */; };
		15D245DE17CF9C2A00793614 /* InfoPlist.strings in Resources */ = {isa = PBXBuildFile; fileRef = 15D245DC17CF9C2A00793614 /* InfoPlist.strings */; };
		15D245E017CF9C2A00793614 /* main.m in Sources */ = {isa = PBXBuildFile; fileRef = 15D245DF17CF9C2A00793614 /* main.m */; };
		15D245E417CF9C2A00793614 /* FTAppDelegate.m in Sources */ = {isa = PBXBuildFile; fileRef = 15D245E317CF9C2A00793614 /* FTAppDelegate.m */; };
		15D245E617CF9C2A00793614 /* Default.png in Resources */ = {isa = PBXBuildFile; fileRef = 15D245E517CF9C2A00793614 /* Default.png */; };
		15D245E817CF9C2A00793614 /* Default@2x.png in Resources */ = {isa = PBXBuildFile; fileRef = 15D245E717CF9C2A00793614 /* Default@2x.png */; };
		15D245EA17CF9C2A00793614 /* Default-568h@2x.png in Resources */ = {isa = PBXBuildFile; fileRef = 15D245E917CF9C2A00793614 /* Default-568h@2x.png */; };
		15D245ED17CF9C2A00793614 /* FTViewController.m in Sources */ = {isa = PBXBuildFile; fileRef = 15D245EC17CF9C2A00793614 /* FTViewController.m */; };
		15D245FC17CF9D9900793614 /* FTHomeViewController.m in Sources */ = {isa = PBXBuildFile; fileRef = 15D245FB17CF9D9900793614 /* FTHomeViewController.m */; };
		15D245FF17CF9DA700793614 /* FTLoginViewController.m in Sources */ = {isa = PBXBuildFile; fileRef = 15D245FE17CF9DA700793614 /* FTLoginViewController.m */; };
		15D2460317CF9DBB00793614 /* FTAccountsViewController.m in Sources */ = {isa = PBXBuildFile; fileRef = 15D2460217CF9DBB00793614 /* FTAccountsViewController.m */; };
		15D2460717CF9DD400793614 /* FTJobDetailViewController.m in Sources */ = {isa = PBXBuildFile; fileRef = 15D2460617CF9DD400793614 /* FTJobDetailViewController.m */; };
		15D2460E17CF9FB800793614 /* FTNoInternetConnectionViewController.m in Sources */ = {isa = PBXBuildFile; fileRef = 15D2460D17CF9FB800793614 /* FTNoInternetConnectionViewController.m */; };
		15D2461217CFA0E900793614 /* FTLang.m in Sources */ = {isa = PBXBuildFile; fileRef = 15D2461117CFA0E900793614 /* FTLang.m */; };
		15D2461917CFA1B600793614 /* CoreText.framework in Frameworks */ = {isa = PBXBuildFile; fileRef = 15D2461317CFA1B600793614 /* CoreText.framework */; };
		15D2461A17CFA1B600793614 /* MessageUI.framework in Frameworks */ = {isa = PBXBuildFile; fileRef = 15D2461417CFA1B600793614 /* MessageUI.framework */; };
		15D2461B17CFA1B600793614 /* QuartzCore.framework in Frameworks */ = {isa = PBXBuildFile; fileRef = 15D2461517CFA1B600793614 /* QuartzCore.framework */; };
		15D2461C17CFA1B600793614 /* Security.framework in Frameworks */ = {isa = PBXBuildFile; fileRef = 15D2461617CFA1B600793614 /* Security.framework */; };
		15D2461D17CFA1B600793614 /* Social.framework in Frameworks */ = {isa = PBXBuildFile; fileRef = 15D2461717CFA1B600793614 /* Social.framework */; };
		15D2461E17CFA1B600793614 /* SystemConfiguration.framework in Frameworks */ = {isa = PBXBuildFile; fileRef = 15D2461817CFA1B600793614 /* SystemConfiguration.framework */; };
		15D2462C17CFA21100793614 /* UIImage+Tools.m in Sources */ = {isa = PBXBuildFile; fileRef = 15D2462317CFA21100793614 /* UIImage+Tools.m */; };
		15D2462D17CFA21100793614 /* UIColor+Tools.m in Sources */ = {isa = PBXBuildFile; fileRef = 15D2462517CFA21100793614 /* UIColor+Tools.m */; };
		15D2462F17CFA21100793614 /* UIView+Effects.m in Sources */ = {isa = PBXBuildFile; fileRef = 15D2462917CFA21100793614 /* UIView+Effects.m */; };
		15D2463017CFA21100793614 /* UIView+Layout.m in Sources */ = {isa = PBXBuildFile; fileRef = 15D2462B17CFA21100793614 /* UIView+Layout.m */; };
		15D2463717CFA61F00793614 /* FTListUsersViewController.m in Sources */ = {isa = PBXBuildFile; fileRef = 15D2463617CFA61F00793614 /* FTListUsersViewController.m */; };
		15D2463A17CFA62900793614 /* FTUserDetailViewController.m in Sources */ = {isa = PBXBuildFile; fileRef = 15D2463917CFA62900793614 /* FTUserDetailViewController.m */; };
		15D2465E17CFBD8F00793614 /* GCNetworkReachability.m in Sources */ = {isa = PBXBuildFile; fileRef = 15D2463E17CFBD8E00793614 /* GCNetworkReachability.m */; };
		15D2466B17CFBD8F00793614 /* Lockbox.m in Sources */ = {isa = PBXBuildFile; fileRef = 15D2465B17CFBD8E00793614 /* Lockbox.m */; };
		15D2467717CFBE3C00793614 /* FTAccountsManager.m in Sources */ = {isa = PBXBuildFile; fileRef = 15D2467617CFBE3C00793614 /* FTAccountsManager.m */; };
		15D2467B17CFBE5200793614 /* FTAccount.m in Sources */ = {isa = PBXBuildFile; fileRef = 15D2467A17CFBE5200793614 /* FTAccount.m */; };
/* End PBXBuildFile section */

/* Begin PBXFileReference section */
		1510727E17CFEA6300FD083B /* FTAPIConnector.h */ = {isa = PBXFileReference; fileEncoding = 4; lastKnownFileType = sourcecode.c.h; lineEnding = 0; path = FTAPIConnector.h; sourceTree = "<group>"; xcLanguageSpecificationIdentifier = xcode.lang.objcpp; };
		1510727F17CFEA6300FD083B /* FTAPIConnector.m */ = {isa = PBXFileReference; fileEncoding = 4; lastKnownFileType = sourcecode.c.objc; lineEnding = 0; path = FTAPIConnector.m; sourceTree = "<group>"; xcLanguageSpecificationIdentifier = xcode.lang.objc; };
		1510728117CFEA6F00FD083B /* FTAPIDataObject.h */ = {isa = PBXFileReference; fileEncoding = 4; lastKnownFileType = sourcecode.c.h; path = FTAPIDataObject.h; sourceTree = "<group>"; };
		1510728217CFEA6F00FD083B /* FTAPIDataObject.m */ = {isa = PBXFileReference; fileEncoding = 4; lastKnownFileType = sourcecode.c.objc; path = FTAPIDataObject.m; sourceTree = "<group>"; };
		1510728517CFEBB100FD083B /* FTConfig.h */ = {isa = PBXFileReference; fileEncoding = 4; lastKnownFileType = sourcecode.c.h; path = FTConfig.h; sourceTree = "<group>"; };
		1510728617CFEBB100FD083B /* FTConfig.m */ = {isa = PBXFileReference; fileEncoding = 4; lastKnownFileType = sourcecode.c.objc; path = FTConfig.m; sourceTree = "<group>"; };
		1510728817CFEBFA00FD083B /* NSString+URLTools.h */ = {isa = PBXFileReference; fileEncoding = 4; lastKnownFileType = sourcecode.c.h; path = "NSString+URLTools.h"; sourceTree = "<group>"; };
		1510728917CFEBFA00FD083B /* NSString+URLTools.m */ = {isa = PBXFileReference; fileEncoding = 4; lastKnownFileType = sourcecode.c.objc; path = "NSString+URLTools.m"; sourceTree = "<group>"; };
		1510728B17CFED4700FD083B /* FTAPIJobsDataObject.h */ = {isa = PBXFileReference; fileEncoding = 4; lastKnownFileType = sourcecode.c.h; path = FTAPIJobsDataObject.h; sourceTree = "<group>"; };
		1510728C17CFED4700FD083B /* FTAPIJobsDataObject.m */ = {isa = PBXFileReference; fileEncoding = 4; lastKnownFileType = sourcecode.c.objc; path = FTAPIJobsDataObject.m; sourceTree = "<group>"; };
		1510728E17D0053200FD083B /* FTAPIJobDataObject.h */ = {isa = PBXFileReference; fileEncoding = 4; lastKnownFileType = sourcecode.c.h; path = FTAPIJobDataObject.h; sourceTree = "<group>"; };
		1510728F17D0053200FD083B /* FTAPIJobDataObject.m */ = {isa = PBXFileReference; fileEncoding = 4; lastKnownFileType = sourcecode.c.objc; path = FTAPIJobDataObject.m; sourceTree = "<group>"; };
		1510729417D00C2C00FD083B /* FTAPIJobDetailDataObject.h */ = {isa = PBXFileReference; fileEncoding = 4; lastKnownFileType = sourcecode.c.h; path = FTAPIJobDetailDataObject.h; sourceTree = "<group>"; };
		1510729517D00C2C00FD083B /* FTAPIJobDetailDataObject.m */ = {isa = PBXFileReference; fileEncoding = 4; lastKnownFileType = sourcecode.c.objc; path = FTAPIJobDetailDataObject.m; sourceTree = "<group>"; };
		1510729817D00F6300FD083B /* FTJobCell.h */ = {isa = PBXFileReference; fileEncoding = 4; lastKnownFileType = sourcecode.c.h; path = FTJobCell.h; sourceTree = "<group>"; };
		1510729917D00F6300FD083B /* FTJobCell.m */ = {isa = PBXFileReference; fileEncoding = 4; lastKnownFileType = sourcecode.c.objc; path = FTJobCell.m; sourceTree = "<group>"; };
		1510729C17D084D800FD083B /* FTView.h */ = {isa = PBXFileReference; fileEncoding = 4; lastKnownFileType = sourcecode.c.h; path = FTView.h; sourceTree = "<group>"; };
		1510729D17D084D800FD083B /* FTView.m */ = {isa = PBXFileReference; fileEncoding = 4; lastKnownFileType = sourcecode.c.objc; path = FTView.m; sourceTree = "<group>"; };
		151072A217D084FC00FD083B /* FTLabel.h */ = {isa = PBXFileReference; fileEncoding = 4; lastKnownFileType = sourcecode.c.h; path = FTLabel.h; sourceTree = "<group>"; };
		151072A317D084FC00FD083B /* FTLabel.m */ = {isa = PBXFileReference; fileEncoding = 4; lastKnownFileType = sourcecode.c.objc; path = FTLabel.m; sourceTree = "<group>"; };
		151072A617D0851D00FD083B /* FTBasicCell.h */ = {isa = PBXFileReference; fileEncoding = 4; lastKnownFileType = sourcecode.c.h; path = FTBasicCell.h; sourceTree = "<group>"; };
		151072A717D0851D00FD083B /* FTBasicCell.m */ = {isa = PBXFileReference; fileEncoding = 4; lastKnownFileType = sourcecode.c.objc; path = FTBasicCell.m; sourceTree = "<group>"; };
		151072C017D0A55600FD083B /* NSData+Base64.m */ = {isa = PBXFileReference; fileEncoding = 4; lastKnownFileType = sourcecode.c.objc; path = "NSData+Base64.m"; sourceTree = "<group>"; };
		151072C117D0A55600FD083B /* NSData+Base64.h */ = {isa = PBXFileReference; fileEncoding = 4; lastKnownFileType = sourcecode.c.h; path = "NSData+Base64.h"; sourceTree = "<group>"; };
		15D245D017CF9C2A00793614 /* iJenkins.app */ = {isa = PBXFileReference; explicitFileType = wrapper.application; includeInIndex = 0; path = iJenkins.app; sourceTree = BUILT_PRODUCTS_DIR; };
		15D245D317CF9C2A00793614 /* UIKit.framework */ = {isa = PBXFileReference; lastKnownFileType = wrapper.framework; name = UIKit.framework; path = System/Library/Frameworks/UIKit.framework; sourceTree = SDKROOT; };
		15D245D517CF9C2A00793614 /* Foundation.framework */ = {isa = PBXFileReference; lastKnownFileType = wrapper.framework; name = Foundation.framework; path = System/Library/Frameworks/Foundation.framework; sourceTree = SDKROOT; };
		15D245D717CF9C2A00793614 /* CoreGraphics.framework */ = {isa = PBXFileReference; lastKnownFileType = wrapper.framework; name = CoreGraphics.framework; path = System/Library/Frameworks/CoreGraphics.framework; sourceTree = SDKROOT; };
		15D245DB17CF9C2A00793614 /* iJenkins-Info.plist */ = {isa = PBXFileReference; lastKnownFileType = text.plist.xml; path = "iJenkins-Info.plist"; sourceTree = "<group>"; };
		15D245DD17CF9C2A00793614 /* en */ = {isa = PBXFileReference; lastKnownFileType = text.plist.strings; name = en; path = en.lproj/InfoPlist.strings; sourceTree = "<group>"; };
		15D245DF17CF9C2A00793614 /* main.m */ = {isa = PBXFileReference; lastKnownFileType = sourcecode.c.objc; path = main.m; sourceTree = "<group>"; };
		15D245E117CF9C2A00793614 /* iJenkins-Prefix.pch */ = {isa = PBXFileReference; lastKnownFileType = sourcecode.c.h; path = "iJenkins-Prefix.pch"; sourceTree = "<group>"; };
		15D245E217CF9C2A00793614 /* FTAppDelegate.h */ = {isa = PBXFileReference; lastKnownFileType = sourcecode.c.h; path = FTAppDelegate.h; sourceTree = "<group>"; };
		15D245E317CF9C2A00793614 /* FTAppDelegate.m */ = {isa = PBXFileReference; lastKnownFileType = sourcecode.c.objc; path = FTAppDelegate.m; sourceTree = "<group>"; };
		15D245E517CF9C2A00793614 /* Default.png */ = {isa = PBXFileReference; lastKnownFileType = image.png; path = Default.png; sourceTree = "<group>"; };
		15D245E717CF9C2A00793614 /* Default@2x.png */ = {isa = PBXFileReference; lastKnownFileType = image.png; path = "Default@2x.png"; sourceTree = "<group>"; };
		15D245E917CF9C2A00793614 /* Default-568h@2x.png */ = {isa = PBXFileReference; lastKnownFileType = image.png; path = "Default-568h@2x.png"; sourceTree = "<group>"; };
		15D245EB17CF9C2A00793614 /* FTViewController.h */ = {isa = PBXFileReference; lastKnownFileType = sourcecode.c.h; path = FTViewController.h; sourceTree = "<group>"; };
		15D245EC17CF9C2A00793614 /* FTViewController.m */ = {isa = PBXFileReference; lastKnownFileType = sourcecode.c.objc; path = FTViewController.m; sourceTree = "<group>"; };
		15D245FA17CF9D9900793614 /* FTHomeViewController.h */ = {isa = PBXFileReference; fileEncoding = 4; lastKnownFileType = sourcecode.c.h; path = FTHomeViewController.h; sourceTree = "<group>"; };
		15D245FB17CF9D9900793614 /* FTHomeViewController.m */ = {isa = PBXFileReference; fileEncoding = 4; lastKnownFileType = sourcecode.c.objc; path = FTHomeViewController.m; sourceTree = "<group>"; };
		15D245FD17CF9DA700793614 /* FTLoginViewController.h */ = {isa = PBXFileReference; fileEncoding = 4; lastKnownFileType = sourcecode.c.h; path = FTLoginViewController.h; sourceTree = "<group>"; };
		15D245FE17CF9DA700793614 /* FTLoginViewController.m */ = {isa = PBXFileReference; fileEncoding = 4; lastKnownFileType = sourcecode.c.objc; path = FTLoginViewController.m; sourceTree = "<group>"; };
		15D2460117CF9DBB00793614 /* FTAccountsViewController.h */ = {isa = PBXFileReference; fileEncoding = 4; lastKnownFileType = sourcecode.c.h; path = FTAccountsViewController.h; sourceTree = "<group>"; };
		15D2460217CF9DBB00793614 /* FTAccountsViewController.m */ = {isa = PBXFileReference; fileEncoding = 4; lastKnownFileType = sourcecode.c.objc; path = FTAccountsViewController.m; sourceTree = "<group>"; };
		15D2460517CF9DD400793614 /* FTJobDetailViewController.h */ = {isa = PBXFileReference; fileEncoding = 4; lastKnownFileType = sourcecode.c.h; path = FTJobDetailViewController.h; sourceTree = "<group>"; };
		15D2460617CF9DD400793614 /* FTJobDetailViewController.m */ = {isa = PBXFileReference; fileEncoding = 4; lastKnownFileType = sourcecode.c.objc; path = FTJobDetailViewController.m; sourceTree = "<group>"; };
		15D2460C17CF9FB800793614 /* FTNoInternetConnectionViewController.h */ = {isa = PBXFileReference; fileEncoding = 4; lastKnownFileType = sourcecode.c.h; path = FTNoInternetConnectionViewController.h; sourceTree = "<group>"; };
		15D2460D17CF9FB800793614 /* FTNoInternetConnectionViewController.m */ = {isa = PBXFileReference; fileEncoding = 4; lastKnownFileType = sourcecode.c.objc; path = FTNoInternetConnectionViewController.m; sourceTree = "<group>"; };
		15D2461017CFA0E900793614 /* FTLang.h */ = {isa = PBXFileReference; fileEncoding = 4; lastKnownFileType = sourcecode.c.h; path = FTLang.h; sourceTree = "<group>"; };
		15D2461117CFA0E900793614 /* FTLang.m */ = {isa = PBXFileReference; fileEncoding = 4; lastKnownFileType = sourcecode.c.objc; path = FTLang.m; sourceTree = "<group>"; };
		15D2461317CFA1B600793614 /* CoreText.framework */ = {isa = PBXFileReference; lastKnownFileType = wrapper.framework; name = CoreText.framework; path = System/Library/Frameworks/CoreText.framework; sourceTree = SDKROOT; };
		15D2461417CFA1B600793614 /* MessageUI.framework */ = {isa = PBXFileReference; lastKnownFileType = wrapper.framework; name = MessageUI.framework; path = System/Library/Frameworks/MessageUI.framework; sourceTree = SDKROOT; };
		15D2461517CFA1B600793614 /* QuartzCore.framework */ = {isa = PBXFileReference; lastKnownFileType = wrapper.framework; name = QuartzCore.framework; path = System/Library/Frameworks/QuartzCore.framework; sourceTree = SDKROOT; };
		15D2461617CFA1B600793614 /* Security.framework */ = {isa = PBXFileReference; lastKnownFileType = wrapper.framework; name = Security.framework; path = System/Library/Frameworks/Security.framework; sourceTree = SDKROOT; };
		15D2461717CFA1B600793614 /* Social.framework */ = {isa = PBXFileReference; lastKnownFileType = wrapper.framework; name = Social.framework; path = System/Library/Frameworks/Social.framework; sourceTree = SDKROOT; };
		15D2461817CFA1B600793614 /* SystemConfiguration.framework */ = {isa = PBXFileReference; lastKnownFileType = wrapper.framework; name = SystemConfiguration.framework; path = System/Library/Frameworks/SystemConfiguration.framework; sourceTree = SDKROOT; };
		15D2462217CFA21100793614 /* UIImage+Tools.h */ = {isa = PBXFileReference; fileEncoding = 4; lastKnownFileType = sourcecode.c.h; path = "UIImage+Tools.h"; sourceTree = "<group>"; };
		15D2462317CFA21100793614 /* UIImage+Tools.m */ = {isa = PBXFileReference; fileEncoding = 4; lastKnownFileType = sourcecode.c.objc; path = "UIImage+Tools.m"; sourceTree = "<group>"; };
		15D2462417CFA21100793614 /* UIColor+Tools.h */ = {isa = PBXFileReference; fileEncoding = 4; lastKnownFileType = sourcecode.c.h; path = "UIColor+Tools.h"; sourceTree = "<group>"; };
		15D2462517CFA21100793614 /* UIColor+Tools.m */ = {isa = PBXFileReference; fileEncoding = 4; lastKnownFileType = sourcecode.c.objc; path = "UIColor+Tools.m"; sourceTree = "<group>"; };
		15D2462817CFA21100793614 /* UIView+Effects.h */ = {isa = PBXFileReference; fileEncoding = 4; lastKnownFileType = sourcecode.c.h; path = "UIView+Effects.h"; sourceTree = "<group>"; };
		15D2462917CFA21100793614 /* UIView+Effects.m */ = {isa = PBXFileReference; fileEncoding = 4; lastKnownFileType = sourcecode.c.objc; path = "UIView+Effects.m"; sourceTree = "<group>"; };
		15D2462A17CFA21100793614 /* UIView+Layout.h */ = {isa = PBXFileReference; fileEncoding = 4; lastKnownFileType = sourcecode.c.h; path = "UIView+Layout.h"; sourceTree = "<group>"; };
		15D2462B17CFA21100793614 /* UIView+Layout.m */ = {isa = PBXFileReference; fileEncoding = 4; lastKnownFileType = sourcecode.c.objc; path = "UIView+Layout.m"; sourceTree = "<group>"; };
		15D2463517CFA61F00793614 /* FTListUsersViewController.h */ = {isa = PBXFileReference; fileEncoding = 4; lastKnownFileType = sourcecode.c.h; path = FTListUsersViewController.h; sourceTree = "<group>"; };
		15D2463617CFA61F00793614 /* FTListUsersViewController.m */ = {isa = PBXFileReference; fileEncoding = 4; lastKnownFileType = sourcecode.c.objc; path = FTListUsersViewController.m; sourceTree = "<group>"; };
		15D2463817CFA62900793614 /* FTUserDetailViewController.h */ = {isa = PBXFileReference; fileEncoding = 4; lastKnownFileType = sourcecode.c.h; path = FTUserDetailViewController.h; sourceTree = "<group>"; };
		15D2463917CFA62900793614 /* FTUserDetailViewController.m */ = {isa = PBXFileReference; fileEncoding = 4; lastKnownFileType = sourcecode.c.objc; path = FTUserDetailViewController.m; sourceTree = "<group>"; };
		15D2463D17CFBD8E00793614 /* GCNetworkReachability.h */ = {isa = PBXFileReference; fileEncoding = 4; lastKnownFileType = sourcecode.c.h; path = GCNetworkReachability.h; sourceTree = "<group>"; };
		15D2463E17CFBD8E00793614 /* GCNetworkReachability.m */ = {isa = PBXFileReference; fileEncoding = 4; lastKnownFileType = sourcecode.c.objc; path = GCNetworkReachability.m; sourceTree = "<group>"; };
		15D2465A17CFBD8E00793614 /* Lockbox.h */ = {isa = PBXFileReference; fileEncoding = 4; lastKnownFileType = sourcecode.c.h; path = Lockbox.h; sourceTree = "<group>"; };
		15D2465B17CFBD8E00793614 /* Lockbox.m */ = {isa = PBXFileReference; fileEncoding = 4; lastKnownFileType = sourcecode.c.objc; path = Lockbox.m; sourceTree = "<group>"; };
		15D2467517CFBE3C00793614 /* FTAccountsManager.h */ = {isa = PBXFileReference; fileEncoding = 4; lastKnownFileType = sourcecode.c.h; path = FTAccountsManager.h; sourceTree = "<group>"; };
		15D2467617CFBE3C00793614 /* FTAccountsManager.m */ = {isa = PBXFileReference; fileEncoding = 4; lastKnownFileType = sourcecode.c.objc; path = FTAccountsManager.m; sourceTree = "<group>"; };
		15D2467917CFBE5200793614 /* FTAccount.h */ = {isa = PBXFileReference; fileEncoding = 4; lastKnownFileType = sourcecode.c.h; path = FTAccount.h; sourceTree = "<group>"; };
		15D2467A17CFBE5200793614 /* FTAccount.m */ = {isa = PBXFileReference; fileEncoding = 4; lastKnownFileType = sourcecode.c.objc; path = FTAccount.m; sourceTree = "<group>"; };
/* End PBXFileReference section */

/* Begin PBXFrameworksBuildPhase section */
		15D245CD17CF9C2A00793614 /* Frameworks */ = {
			isa = PBXFrameworksBuildPhase;
			buildActionMask = 2147483647;
			files = (
				15D2461917CFA1B600793614 /* CoreText.framework in Frameworks */,
				15D2461A17CFA1B600793614 /* MessageUI.framework in Frameworks */,
				15D2461B17CFA1B600793614 /* QuartzCore.framework in Frameworks */,
				15D2461C17CFA1B600793614 /* Security.framework in Frameworks */,
				15D2461D17CFA1B600793614 /* Social.framework in Frameworks */,
				15D2461E17CFA1B600793614 /* SystemConfiguration.framework in Frameworks */,
				15D245D417CF9C2A00793614 /* UIKit.framework in Frameworks */,
				15D245D617CF9C2A00793614 /* Foundation.framework in Frameworks */,
				15D245D817CF9C2A00793614 /* CoreGraphics.framework in Frameworks */,
			);
			runOnlyForDeploymentPostprocessing = 0;
		};
/* End PBXFrameworksBuildPhase section */

/* Begin PBXGroup section */
		1510728417CFEAC200FD083B /* Basic */ = {
			isa = PBXGroup;
			children = (
				1510728117CFEA6F00FD083B /* FTAPIDataObject.h */,
				1510728217CFEA6F00FD083B /* FTAPIDataObject.m */,
			);
			name = Basic;
			sourceTree = "<group>";
		};
		1510729117D00C0100FD083B /* List */ = {
			isa = PBXGroup;
			children = (
				1510728B17CFED4700FD083B /* FTAPIJobsDataObject.h */,
				1510728C17CFED4700FD083B /* FTAPIJobsDataObject.m */,
			);
			name = List;
			sourceTree = "<group>";
		};
		1510729217D00C0700FD083B /* Job */ = {
			isa = PBXGroup;
			children = (
				1510728E17D0053200FD083B /* FTAPIJobDataObject.h */,
				1510728F17D0053200FD083B /* FTAPIJobDataObject.m */,
			);
			name = Job;
			sourceTree = "<group>";
		};
		1510729317D00C0E00FD083B /* Detail */ = {
			isa = PBXGroup;
			children = (
				1510729417D00C2C00FD083B /* FTAPIJobDetailDataObject.h */,
				1510729517D00C2C00FD083B /* FTAPIJobDetailDataObject.m */,
			);
			name = Detail;
			sourceTree = "<group>";
		};
		1510729717D00F4A00FD083B /* Cells */ = {
			isa = PBXGroup;
			children = (
				1510729817D00F6300FD083B /* FTJobCell.h */,
				1510729917D00F6300FD083B /* FTJobCell.m */,
			);
			name = Cells;
			sourceTree = "<group>";
		};
		1510729B17D084BE00FD083B /* Basic */ = {
			isa = PBXGroup;
			children = (
				151072A517D0850400FD083B /* Label */,
				151072A117D084E900FD083B /* Image view */,
				151072A017D084E400FD083B /* Cell */,
				1510729F17D084DC00FD083B /* View */,
			);
			name = Basic;
			sourceTree = "<group>";
		};
		1510729F17D084DC00FD083B /* View */ = {
			isa = PBXGroup;
			children = (
				1510729C17D084D800FD083B /* FTView.h */,
				1510729D17D084D800FD083B /* FTView.m */,
			);
			name = View;
			sourceTree = "<group>";
		};
		151072A017D084E400FD083B /* Cell */ = {
			isa = PBXGroup;
			children = (
				151072A617D0851D00FD083B /* FTBasicCell.h */,
				151072A717D0851D00FD083B /* FTBasicCell.m */,
			);
			name = Cell;
			sourceTree = "<group>";
		};
		151072A117D084E900FD083B /* Image view */ = {
			isa = PBXGroup;
			children = (
			);
			name = "Image view";
			sourceTree = "<group>";
		};
		151072A517D0850400FD083B /* Label */ = {
			isa = PBXGroup;
			children = (
				151072A217D084FC00FD083B /* FTLabel.h */,
				151072A317D084FC00FD083B /* FTLabel.m */,
			);
			name = Label;
			sourceTree = "<group>";
		};
		15D245C717CF9C2A00793614 = {
			isa = PBXGroup;
			children = (
				15D245D917CF9C2A00793614 /* iJenkins */,
				15D245D217CF9C2A00793614 /* Frameworks */,
				15D245D117CF9C2A00793614 /* Products */,
			);
			sourceTree = "<group>";
		};
		15D245D117CF9C2A00793614 /* Products */ = {
			isa = PBXGroup;
			children = (
				15D245D017CF9C2A00793614 /* iJenkins.app */,
			);
			name = Products;
			sourceTree = "<group>";
		};
		15D245D217CF9C2A00793614 /* Frameworks */ = {
			isa = PBXGroup;
			children = (
				15D2461317CFA1B600793614 /* CoreText.framework */,
				15D2461417CFA1B600793614 /* MessageUI.framework */,
				15D2461517CFA1B600793614 /* QuartzCore.framework */,
				15D2461617CFA1B600793614 /* Security.framework */,
				15D2461717CFA1B600793614 /* Social.framework */,
				15D2461817CFA1B600793614 /* SystemConfiguration.framework */,
				15D245D317CF9C2A00793614 /* UIKit.framework */,
				15D245D517CF9C2A00793614 /* Foundation.framework */,
				15D245D717CF9C2A00793614 /* CoreGraphics.framework */,
			);
			name = Frameworks;
			sourceTree = "<group>";
		};
		15D245D917CF9C2A00793614 /* iJenkins */ = {
			isa = PBXGroup;
			children = (
				15D2463B17CFBD8E00793614 /* Thirdparty */,
				15D2462117CFA1E300793614 /* Categories */,
				15D2462017CFA1CC00793614 /* Configuration */,
				15D2460917CF9F8C00793614 /* Libs */,
				15D2460817CF9F8600793614 /* Data */,
				15D2461F17CFA1C600793614 /* Views */,
				15D245F617CF9C3C00793614 /* Controllers */,
				15D245E217CF9C2A00793614 /* FTAppDelegate.h */,
				15D245E317CF9C2A00793614 /* FTAppDelegate.m */,
				15D245DA17CF9C2A00793614 /* Supporting Files */,
			);
			path = iJenkins;
			sourceTree = "<group>";
		};
		15D245DA17CF9C2A00793614 /* Supporting Files */ = {
			isa = PBXGroup;
			children = (
				15D245DB17CF9C2A00793614 /* iJenkins-Info.plist */,
				15D245DC17CF9C2A00793614 /* InfoPlist.strings */,
				15D245DF17CF9C2A00793614 /* main.m */,
				15D245E117CF9C2A00793614 /* iJenkins-Prefix.pch */,
				15D245E517CF9C2A00793614 /* Default.png */,
				15D245E717CF9C2A00793614 /* Default@2x.png */,
				15D245E917CF9C2A00793614 /* Default-568h@2x.png */,
			);
			name = "Supporting Files";
			sourceTree = "<group>";
		};
		15D245F617CF9C3C00793614 /* Controllers */ = {
			isa = PBXGroup;
			children = (
				15D2463217CFA5ED00793614 /* Users */,
				15D2460A17CF9F9600793614 /* System */,
				15D2460017CF9DAA00793614 /* Accounts */,
				15D245F817CF9C5400793614 /* Home */,
				15D245F717CF9C4500793614 /* Basic */,
			);
			name = Controllers;
			sourceTree = "<group>";
		};
		15D245F717CF9C4500793614 /* Basic */ = {
			isa = PBXGroup;
			children = (
				15D245EB17CF9C2A00793614 /* FTViewController.h */,
				15D245EC17CF9C2A00793614 /* FTViewController.m */,
			);
			name = Basic;
			sourceTree = "<group>";
		};
		15D245F817CF9C5400793614 /* Home */ = {
			isa = PBXGroup;
			children = (
				1510729717D00F4A00FD083B /* Cells */,
				15D2460417CF9DC300793614 /* Job detail */,
				15D245FA17CF9D9900793614 /* FTHomeViewController.h */,
				15D245FB17CF9D9900793614 /* FTHomeViewController.m */,
			);
			name = Home;
			sourceTree = "<group>";
		};
		15D245F917CF9C5B00793614 /* Login */ = {
			isa = PBXGroup;
			children = (
				15D245FD17CF9DA700793614 /* FTLoginViewController.h */,
				15D245FE17CF9DA700793614 /* FTLoginViewController.m */,
			);
			name = Login;
			sourceTree = "<group>";
		};
		15D2460017CF9DAA00793614 /* Accounts */ = {
			isa = PBXGroup;
			children = (
				15D2460117CF9DBB00793614 /* FTAccountsViewController.h */,
				15D2460217CF9DBB00793614 /* FTAccountsViewController.m */,
			);
			name = Accounts;
			sourceTree = "<group>";
		};
		15D2460417CF9DC300793614 /* Job detail */ = {
			isa = PBXGroup;
			children = (
				15D2460517CF9DD400793614 /* FTJobDetailViewController.h */,
				15D2460617CF9DD400793614 /* FTJobDetailViewController.m */,
			);
			name = "Job detail";
			sourceTree = "<group>";
		};
		15D2460817CF9F8600793614 /* Data */ = {
			isa = PBXGroup;
			children = (
				15D2467417CFBE1200793614 /* Local */,
				15D2463117CFA26B00793614 /* API */,
			);
			name = Data;
			sourceTree = "<group>";
		};
		15D2460917CF9F8C00793614 /* Libs */ = {
			isa = PBXGroup;
			children = (
				15D2460F17CFA0C400793614 /* Languages */,
			);
			name = Libs;
			sourceTree = "<group>";
		};
		15D2460A17CF9F9600793614 /* System */ = {
			isa = PBXGroup;
			children = (
				15D2460B17CF9F9C00793614 /* Connection */,
			);
			name = System;
			sourceTree = "<group>";
		};
		15D2460B17CF9F9C00793614 /* Connection */ = {
			isa = PBXGroup;
			children = (
				15D2460C17CF9FB800793614 /* FTNoInternetConnectionViewController.h */,
				15D2460D17CF9FB800793614 /* FTNoInternetConnectionViewController.m */,
			);
			name = Connection;
			sourceTree = "<group>";
		};
		15D2460F17CFA0C400793614 /* Languages */ = {
			isa = PBXGroup;
			children = (
				15D2461017CFA0E900793614 /* FTLang.h */,
				15D2461117CFA0E900793614 /* FTLang.m */,
			);
			name = Languages;
			sourceTree = "<group>";
		};
		15D2461F17CFA1C600793614 /* Views */ = {
			isa = PBXGroup;
			children = (
				1510729B17D084BE00FD083B /* Basic */,
			);
			name = Views;
			sourceTree = "<group>";
		};
		15D2462017CFA1CC00793614 /* Configuration */ = {
			isa = PBXGroup;
			children = (
				1510728517CFEBB100FD083B /* FTConfig.h */,
				1510728617CFEBB100FD083B /* FTConfig.m */,
			);
			name = Configuration;
			sourceTree = "<group>";
		};
		15D2462117CFA1E300793614 /* Categories */ = {
			isa = PBXGroup;
			children = (
				151072C117D0A55600FD083B /* NSData+Base64.h */,
				151072C017D0A55600FD083B /* NSData+Base64.m */,
				15D2462217CFA21100793614 /* UIImage+Tools.h */,
				15D2462317CFA21100793614 /* UIImage+Tools.m */,
				15D2462417CFA21100793614 /* UIColor+Tools.h */,
				15D2462517CFA21100793614 /* UIColor+Tools.m */,
				15D2462817CFA21100793614 /* UIView+Effects.h */,
				15D2462917CFA21100793614 /* UIView+Effects.m */,
				15D2462A17CFA21100793614 /* UIView+Layout.h */,
				15D2462B17CFA21100793614 /* UIView+Layout.m */,
				1510728817CFEBFA00FD083B /* NSString+URLTools.h */,
				1510728917CFEBFA00FD083B /* NSString+URLTools.m */,
			);
			name = Categories;
			sourceTree = "<group>";
		};
		15D2463117CFA26B00793614 /* API */ = {
			isa = PBXGroup;
			children = (
				15D2467C17CFE75700793614 /* Jobs */,
				1510728417CFEAC200FD083B /* Basic */,
				1510727E17CFEA6300FD083B /* FTAPIConnector.h */,
				1510727F17CFEA6300FD083B /* FTAPIConnector.m */,
			);
			name = API;
			sourceTree = "<group>";
		};
		15D2463217CFA5ED00793614 /* Users */ = {
			isa = PBXGroup;
			children = (
				15D2463417CFA5FE00793614 /* User detail */,
				15D2463317CFA5F700793614 /* List */,
				15D245F917CF9C5B00793614 /* Login */,
			);
			name = Users;
			sourceTree = "<group>";
		};
		15D2463317CFA5F700793614 /* List */ = {
			isa = PBXGroup;
			children = (
				15D2463517CFA61F00793614 /* FTListUsersViewController.h */,
				15D2463617CFA61F00793614 /* FTListUsersViewController.m */,
			);
			name = List;
			sourceTree = "<group>";
		};
		15D2463417CFA5FE00793614 /* User detail */ = {
			isa = PBXGroup;
			children = (
				15D2463817CFA62900793614 /* FTUserDetailViewController.h */,
				15D2463917CFA62900793614 /* FTUserDetailViewController.m */,
			);
			name = "User detail";
			sourceTree = "<group>";
		};
		15D2463B17CFBD8E00793614 /* Thirdparty */ = {
			isa = PBXGroup;
			children = (
				15D2463C17CFBD8E00793614 /* GCNetworkReachability */,
				15D2464017CFBD8E00793614 /* Lockbox */,
			);
			path = Thirdparty;
			sourceTree = SOURCE_ROOT;
		};
		15D2463C17CFBD8E00793614 /* GCNetworkReachability */ = {
			isa = PBXGroup;
			children = (
				15D2463D17CFBD8E00793614 /* GCNetworkReachability.h */,
				15D2463E17CFBD8E00793614 /* GCNetworkReachability.m */,
			);
			path = GCNetworkReachability;
			sourceTree = "<group>";
		};
		15D2464017CFBD8E00793614 /* Lockbox */ = {
			isa = PBXGroup;
			children = (
				15D2465A17CFBD8E00793614 /* Lockbox.h */,
				15D2465B17CFBD8E00793614 /* Lockbox.m */,
			);
			path = Lockbox;
			sourceTree = "<group>";
		};
		15D2467417CFBE1200793614 /* Local */ = {
			isa = PBXGroup;
			children = (
				15D2467817CFBE4000793614 /* Account */,
				15D2467517CFBE3C00793614 /* FTAccountsManager.h */,
				15D2467617CFBE3C00793614 /* FTAccountsManager.m */,
			);
			name = Local;
			sourceTree = "<group>";
		};
		15D2467817CFBE4000793614 /* Account */ = {
			isa = PBXGroup;
			children = (
				15D2467917CFBE5200793614 /* FTAccount.h */,
				15D2467A17CFBE5200793614 /* FTAccount.m */,
			);
			name = Account;
			sourceTree = "<group>";
		};
		15D2467C17CFE75700793614 /* Jobs */ = {
			isa = PBXGroup;
			children = (
				1510729317D00C0E00FD083B /* Detail */,
				1510729217D00C0700FD083B /* Job */,
				1510729117D00C0100FD083B /* List */,
			);
			name = Jobs;
			sourceTree = "<group>";
		};
/* End PBXGroup section */

/* Begin PBXNativeTarget section */
		15D245CF17CF9C2A00793614 /* iJenkins */ = {
			isa = PBXNativeTarget;
			buildConfigurationList = 15D245F317CF9C2A00793614 /* Build configuration list for PBXNativeTarget "iJenkins" */;
			buildPhases = (
				15D245CC17CF9C2A00793614 /* Sources */,
				15D245CD17CF9C2A00793614 /* Frameworks */,
				15D245CE17CF9C2A00793614 /* Resources */,
			);
			buildRules = (
			);
			dependencies = (
			);
			name = iJenkins;
			productName = iJenkins;
			productReference = 15D245D017CF9C2A00793614 /* iJenkins.app */;
			productType = "com.apple.product-type.application";
		};
/* End PBXNativeTarget section */

/* Begin PBXProject section */
		15D245C817CF9C2A00793614 /* Project object */ = {
			isa = PBXProject;
			attributes = {
				CLASSPREFIX = FT;
				LastUpgradeCheck = 0460;
				ORGANIZATIONNAME = "Fuerte Innovations";
			};
			buildConfigurationList = 15D245CB17CF9C2A00793614 /* Build configuration list for PBXProject "iJenkins" */;
			compatibilityVersion = "Xcode 3.2";
			developmentRegion = English;
			hasScannedForEncodings = 0;
			knownRegions = (
				en,
			);
			mainGroup = 15D245C717CF9C2A00793614;
			productRefGroup = 15D245D117CF9C2A00793614 /* Products */;
			projectDirPath = "";
			projectRoot = "";
			targets = (
				15D245CF17CF9C2A00793614 /* iJenkins */,
			);
		};
/* End PBXProject section */

/* Begin PBXResourcesBuildPhase section */
		15D245CE17CF9C2A00793614 /* Resources */ = {
			isa = PBXResourcesBuildPhase;
			buildActionMask = 2147483647;
			files = (
				15D245DE17CF9C2A00793614 /* InfoPlist.strings in Resources */,
				15D245E617CF9C2A00793614 /* Default.png in Resources */,
				15D245E817CF9C2A00793614 /* Default@2x.png in Resources */,
				15D245EA17CF9C2A00793614 /* Default-568h@2x.png in Resources */,
			);
			runOnlyForDeploymentPostprocessing = 0;
		};
/* End PBXResourcesBuildPhase section */

/* Begin PBXSourcesBuildPhase section */
		15D245CC17CF9C2A00793614 /* Sources */ = {
			isa = PBXSourcesBuildPhase;
			buildActionMask = 2147483647;
			files = (
				15D245E017CF9C2A00793614 /* main.m in Sources */,
				1510728317CFEA6F00FD083B /* FTAPIDataObject.m in Sources */,
				15D245E417CF9C2A00793614 /* FTAppDelegate.m in Sources */,
				15D245ED17CF9C2A00793614 /* FTViewController.m in Sources */,
				1510729017D0053200FD083B /* FTAPIJobDataObject.m in Sources */,
				15D245FC17CF9D9900793614 /* FTHomeViewController.m in Sources */,
				15D245FF17CF9DA700793614 /* FTLoginViewController.m in Sources */,
				15D2460317CF9DBB00793614 /* FTAccountsViewController.m in Sources */,
				15D2460717CF9DD400793614 /* FTJobDetailViewController.m in Sources */,
				15D2460E17CF9FB800793614 /* FTNoInternetConnectionViewController.m in Sources */,
				1510728A17CFEBFA00FD083B /* NSString+URLTools.m in Sources */,
				1510728717CFEBB100FD083B /* FTConfig.m in Sources */,
				15D2461217CFA0E900793614 /* FTLang.m in Sources */,
				151072C217D0A55600FD083B /* NSData+Base64.m in Sources */,
				1510728017CFEA6300FD083B /* FTAPIConnector.m in Sources */,
				15D2462C17CFA21100793614 /* UIImage+Tools.m in Sources */,
				1510729A17D00F6300FD083B /* FTJobCell.m in Sources */,
				151072A417D084FC00FD083B /* FTLabel.m in Sources */,
				1510729E17D084D800FD083B /* FTView.m in Sources */,
				15D2462D17CFA21100793614 /* UIColor+Tools.m in Sources */,
				1510729617D00C2C00FD083B /* FTAPIJobDetailDataObject.m in Sources */,
				15D2462F17CFA21100793614 /* UIView+Effects.m in Sources */,
				15D2463017CFA21100793614 /* UIView+Layout.m in Sources */,
				15D2463717CFA61F00793614 /* FTListUsersViewController.m in Sources */,
				15D2463A17CFA62900793614 /* FTUserDetailViewController.m in Sources */,
				1510728D17CFED4700FD083B /* FTAPIJobsDataObject.m in Sources */,
				15D2465E17CFBD8F00793614 /* GCNetworkReachability.m in Sources */,
				15D2466B17CFBD8F00793614 /* Lockbox.m in Sources */,
				15D2467717CFBE3C00793614 /* FTAccountsManager.m in Sources */,
				151072A817D0851D00FD083B /* FTBasicCell.m in Sources */,
				15D2467B17CFBE5200793614 /* FTAccount.m in Sources */,
			);
			runOnlyForDeploymentPostprocessing = 0;
		};
/* End PBXSourcesBuildPhase section */

/* Begin PBXVariantGroup section */
		15D245DC17CF9C2A00793614 /* InfoPlist.strings */ = {
			isa = PBXVariantGroup;
			children = (
				15D245DD17CF9C2A00793614 /* en */,
			);
			name = InfoPlist.strings;
			sourceTree = "<group>";
		};
/* End PBXVariantGroup section */

/* Begin XCBuildConfiguration section */
		1510727C17CFE94E00FD083B /* Enterprise */ = {
			isa = XCBuildConfiguration;
			buildSettings = {
				ALWAYS_SEARCH_USER_PATHS = NO;
				CLANG_CXX_LANGUAGE_STANDARD = "gnu++0x";
				CLANG_CXX_LIBRARY = "libc++";
				CLANG_ENABLE_OBJC_ARC = YES;
				CLANG_WARN_CONSTANT_CONVERSION = YES;
				CLANG_WARN_EMPTY_BODY = YES;
				CLANG_WARN_ENUM_CONVERSION = YES;
				CLANG_WARN_INT_CONVERSION = YES;
				CLANG_WARN__DUPLICATE_METHOD_MATCH = YES;
				"CODE_SIGN_IDENTITY[sdk=iphoneos*]" = "";
				COPY_PHASE_STRIP = YES;
				GCC_C_LANGUAGE_STANDARD = gnu99;
				GCC_WARN_ABOUT_RETURN_TYPE = YES;
				GCC_WARN_UNINITIALIZED_AUTOS = YES;
				GCC_WARN_UNUSED_VARIABLE = YES;
				IPHONEOS_DEPLOYMENT_TARGET = 7.0;
				OTHER_CFLAGS = "-DNS_BLOCK_ASSERTIONS=1";
				SDKROOT = iphoneos;
				VALIDATE_PRODUCT = YES;
			};
			name = Enterprise;
		};
		1510727D17CFE94E00FD083B /* Enterprise */ = {
			isa = XCBuildConfiguration;
			buildSettings = {
				CODE_SIGN_IDENTITY = "iPhone Distribution";
				GCC_PRECOMPILE_PREFIX_HEADER = YES;
				GCC_PREFIX_HEADER = "iJenkins/iJenkins-Prefix.pch";
				INFOPLIST_FILE = "iJenkins/iJenkins-Info.plist";
				PRODUCT_NAME = "$(TARGET_NAME)";
				WRAPPER_EXTENSION = app;
			};
			name = Enterprise;
		};
		15D245F117CF9C2A00793614 /* Debug */ = {
			isa = XCBuildConfiguration;
			buildSettings = {
				ALWAYS_SEARCH_USER_PATHS = NO;
				CLANG_CXX_LANGUAGE_STANDARD = "gnu++0x";
				CLANG_CXX_LIBRARY = "libc++";
				CLANG_ENABLE_OBJC_ARC = YES;
				CLANG_WARN_CONSTANT_CONVERSION = YES;
				CLANG_WARN_EMPTY_BODY = YES;
				CLANG_WARN_ENUM_CONVERSION = YES;
				CLANG_WARN_INT_CONVERSION = YES;
				CLANG_WARN__DUPLICATE_METHOD_MATCH = YES;
				"CODE_SIGN_IDENTITY[sdk=iphoneos*]" = "";
				COPY_PHASE_STRIP = NO;
				GCC_C_LANGUAGE_STANDARD = gnu99;
				GCC_DYNAMIC_NO_PIC = NO;
				GCC_OPTIMIZATION_LEVEL = 0;
				GCC_PREPROCESSOR_DEFINITIONS = (
					"DEBUG=1",
					"$(inherited)",
				);
				GCC_SYMBOLS_PRIVATE_EXTERN = NO;
				GCC_WARN_ABOUT_RETURN_TYPE = YES;
				GCC_WARN_UNINITIALIZED_AUTOS = YES;
				GCC_WARN_UNUSED_VARIABLE = YES;
				IPHONEOS_DEPLOYMENT_TARGET = 7.0;
				ONLY_ACTIVE_ARCH = YES;
				SDKROOT = iphoneos;
			};
			name = Debug;
		};
		15D245F217CF9C2A00793614 /* Release */ = {
			isa = XCBuildConfiguration;
			buildSettings = {
				ALWAYS_SEARCH_USER_PATHS = NO;
				CLANG_CXX_LANGUAGE_STANDARD = "gnu++0x";
				CLANG_CXX_LIBRARY = "libc++";
				CLANG_ENABLE_OBJC_ARC = YES;
				CLANG_WARN_CONSTANT_CONVERSION = YES;
				CLANG_WARN_EMPTY_BODY = YES;
				CLANG_WARN_ENUM_CONVERSION = YES;
				CLANG_WARN_INT_CONVERSION = YES;
				CLANG_WARN__DUPLICATE_METHOD_MATCH = YES;
				"CODE_SIGN_IDENTITY[sdk=iphoneos*]" = "";
				COPY_PHASE_STRIP = YES;
				GCC_C_LANGUAGE_STANDARD = gnu99;
				GCC_WARN_ABOUT_RETURN_TYPE = YES;
				GCC_WARN_UNINITIALIZED_AUTOS = YES;
				GCC_WARN_UNUSED_VARIABLE = YES;
				IPHONEOS_DEPLOYMENT_TARGET = 7.0;
				OTHER_CFLAGS = "-DNS_BLOCK_ASSERTIONS=1";
				SDKROOT = iphoneos;
				VALIDATE_PRODUCT = YES;
			};
			name = Release;
		};
		15D245F417CF9C2A00793614 /* Debug */ = {
			isa = XCBuildConfiguration;
			buildSettings = {
				CODE_SIGN_IDENTITY = "iPhone Developer";
				GCC_PRECOMPILE_PREFIX_HEADER = YES;
				GCC_PREFIX_HEADER = "iJenkins/iJenkins-Prefix.pch";
				INFOPLIST_FILE = "iJenkins/iJenkins-Info.plist";
				PRODUCT_NAME = "$(TARGET_NAME)";
				WRAPPER_EXTENSION = app;
			};
			name = Debug;
		};
		15D245F517CF9C2A00793614 /* Release */ = {
			isa = XCBuildConfiguration;
			buildSettings = {
				GCC_PRECOMPILE_PREFIX_HEADER = YES;
				GCC_PREFIX_HEADER = "iJenkins/iJenkins-Prefix.pch";
				INFOPLIST_FILE = "iJenkins/iJenkins-Info.plist";
				PRODUCT_NAME = "$(TARGET_NAME)";
				WRAPPER_EXTENSION = app;
			};
			name = Release;
		};
/* End XCBuildConfiguration section */

/* Begin XCConfigurationList section */
		15D245CB17CF9C2A00793614 /* Build configuration list for PBXProject "iJenkins" */ = {
			isa = XCConfigurationList;
			buildConfigurations = (
				15D245F117CF9C2A00793614 /* Debug */,
				15D245F217CF9C2A00793614 /* Release */,
				1510727C17CFE94E00FD083B /* Enterprise */,
			);
			defaultConfigurationIsVisible = 0;
			defaultConfigurationName = Release;
		};
		15D245F317CF9C2A00793614 /* Build configuration list for PBXNativeTarget "iJenkins" */ = {
			isa = XCConfigurationList;
			buildConfigurations = (
				15D245F417CF9C2A00793614 /* Debug */,
				15D245F517CF9C2A00793614 /* Release */,
				1510727D17CFE94E00FD083B /* Enterprise */,
			);
			defaultConfigurationIsVisible = 0;
			defaultConfigurationName = Release;
		};
/* End XCConfigurationList section */
	};
	rootObject = 15D245C817CF9C2A00793614 /* Project object */;
}
